
Microsoft Visual Studio Solution File, Format Version 12.00
# Visual Studio 2012
Project("{2150E333-8FDC-42A3-9474-1A3956D46DE8}") = ".nuget", ".nuget", "{FD40CC79-A857-4613-B9E0-D68FB4D37BF2}"
	ProjectSection(SolutionItems) = preProject
		.nuget\packages.config = .nuget\packages.config
	EndProjectSection
EndProject
Project("{FAE04EC0-301F-11D3-BF4B-00C04F79EFBC}") = "SparrowSharp.Samples.Android", "SparrowSharp.Samples.Android\SparrowSharp.Samples.Android.csproj", "{B68B75BA-A18C-4513-8BFF-53346D4840B2}"
EndProject
Project("{FAE04EC0-301F-11D3-BF4B-00C04F79EFBC}") = "SparrowSharp.Core.Android", "SparrowSharp.Core\SparrowSharp.Core.Android.csproj", "{175877F9-051C-4E18-8479-4E15335D683B}"
EndProject
Project("{FAE04EC0-301F-11D3-BF4B-00C04F79EFBC}") = "SparrowSharp.Core.iOS", "SparrowSharp.Core\SparrowSharp.Core.iOS.csproj", "{ECECB8BC-394C-4646-B165-135718EFBFF1}"
EndProject
Project("{FAE04EC0-301F-11D3-BF4B-00C04F79EFBC}") = "SparrowSharp.Core.Desktop", "SparrowSharp.Core\SparrowSharp.Core.Desktop.csproj", "{2223B789-0378-4BCE-82F0-F1B059DC4B01}"
EndProject
Project("{FAE04EC0-301F-11D3-BF4B-00C04F79EFBC}") = "SparrowSharp.Samples.Desktop", "SparrowSharp.Samples.Desktop\SparrowSharp.Samples.Desktop.csproj", "{BC46AC11-1FD4-4720-A94E-DF5F279C5EE0}"
EndProject
Project("{FAE04EC0-301F-11D3-BF4B-00C04F79EFBC}") = "Tests.Android", "Tests\Tests.Android.csproj", "{EE0AF766-1015-47E9-9EF5-50DAD0ECC094}"
EndProject
Project("{FAE04EC0-301F-11D3-BF4B-00C04F79EFBC}") = "SparrowSharp.Sample.iOS", "SparrowSharp.Sample.iOS\SparrowSharp.Sample.iOS.csproj", "{49846257-890D-49D0-98D4-A315A55289ED}"
EndProject
Global
	GlobalSection(SolutionConfigurationPlatforms) = preSolution
		Ad-Hoc|Any CPU = Ad-Hoc|Any CPU
		Ad-Hoc|iPhone = Ad-Hoc|iPhone
		Ad-Hoc|iPhoneSimulator = Ad-Hoc|iPhoneSimulator
		AppStore|Any CPU = AppStore|Any CPU
		AppStore|iPhone = AppStore|iPhone
		AppStore|iPhoneSimulator = AppStore|iPhoneSimulator
		Debug|Any CPU = Debug|Any CPU
		Debug|iPhone = Debug|iPhone
		Debug|iPhoneSimulator = Debug|iPhoneSimulator
		Release|Any CPU = Release|Any CPU
		Release|iPhone = Release|iPhone
		Release|iPhoneSimulator = Release|iPhoneSimulator
	EndGlobalSection
	GlobalSection(ProjectConfigurationPlatforms) = postSolution
		{175877F9-051C-4E18-8479-4E15335D683B}.Ad-Hoc|Any CPU.ActiveCfg = Release|Any CPU
		{175877F9-051C-4E18-8479-4E15335D683B}.Ad-Hoc|iPhone.ActiveCfg = Debug|Any CPU
		{175877F9-051C-4E18-8479-4E15335D683B}.Ad-Hoc|iPhone.Build.0 = Debug|Any CPU
		{175877F9-051C-4E18-8479-4E15335D683B}.Ad-Hoc|iPhoneSimulator.ActiveCfg = Release|Any CPU
		{175877F9-051C-4E18-8479-4E15335D683B}.AppStore|Any CPU.ActiveCfg = Release|Any CPU
		{175877F9-051C-4E18-8479-4E15335D683B}.AppStore|iPhone.ActiveCfg = Debug|Any CPU
		{175877F9-051C-4E18-8479-4E15335D683B}.AppStore|iPhone.Build.0 = Debug|Any CPU
		{175877F9-051C-4E18-8479-4E15335D683B}.AppStore|iPhoneSimulator.ActiveCfg = Release|Any CPU
		{175877F9-051C-4E18-8479-4E15335D683B}.Debug|Any CPU.ActiveCfg = Debug|Any CPU
		{175877F9-051C-4E18-8479-4E15335D683B}.Debug|Any CPU.Build.0 = Debug|Any CPU
		{175877F9-051C-4E18-8479-4E15335D683B}.Debug|iPhone.ActiveCfg = Debug|Any CPU
		{175877F9-051C-4E18-8479-4E15335D683B}.Debug|iPhone.Build.0 = Debug|Any CPU
		{175877F9-051C-4E18-8479-4E15335D683B}.Debug|iPhoneSimulator.ActiveCfg = Debug|Any CPU
		{175877F9-051C-4E18-8479-4E15335D683B}.Debug|iPhoneSimulator.Build.0 = Debug|Any CPU
		{175877F9-051C-4E18-8479-4E15335D683B}.Release|Any CPU.ActiveCfg = Release|Any CPU
		{175877F9-051C-4E18-8479-4E15335D683B}.Release|Any CPU.Build.0 = Release|Any CPU
		{175877F9-051C-4E18-8479-4E15335D683B}.Release|iPhone.ActiveCfg = Release|Any CPU
		{175877F9-051C-4E18-8479-4E15335D683B}.Release|iPhone.Build.0 = Release|Any CPU
		{175877F9-051C-4E18-8479-4E15335D683B}.Release|iPhoneSimulator.ActiveCfg = Release|Any CPU
		{175877F9-051C-4E18-8479-4E15335D683B}.Release|iPhoneSimulator.Build.0 = Release|Any CPU
		{2223B789-0378-4BCE-82F0-F1B059DC4B01}.Ad-Hoc|Any CPU.ActiveCfg = Release|Any CPU
		{2223B789-0378-4BCE-82F0-F1B059DC4B01}.Ad-Hoc|Any CPU.Build.0 = Release|Any CPU
		{2223B789-0378-4BCE-82F0-F1B059DC4B01}.Ad-Hoc|iPhone.ActiveCfg = Debug|Any CPU
		{2223B789-0378-4BCE-82F0-F1B059DC4B01}.Ad-Hoc|iPhone.Build.0 = Debug|Any CPU
		{2223B789-0378-4BCE-82F0-F1B059DC4B01}.Ad-Hoc|iPhoneSimulator.ActiveCfg = Release|Any CPU
		{2223B789-0378-4BCE-82F0-F1B059DC4B01}.AppStore|Any CPU.ActiveCfg = Release|Any CPU
		{2223B789-0378-4BCE-82F0-F1B059DC4B01}.AppStore|Any CPU.Build.0 = Release|Any CPU
		{2223B789-0378-4BCE-82F0-F1B059DC4B01}.AppStore|iPhone.ActiveCfg = Debug|Any CPU
		{2223B789-0378-4BCE-82F0-F1B059DC4B01}.AppStore|iPhone.Build.0 = Debug|Any CPU
		{2223B789-0378-4BCE-82F0-F1B059DC4B01}.AppStore|iPhoneSimulator.ActiveCfg = Release|Any CPU
		{2223B789-0378-4BCE-82F0-F1B059DC4B01}.Debug|Any CPU.ActiveCfg = Debug|Any CPU
		{2223B789-0378-4BCE-82F0-F1B059DC4B01}.Debug|Any CPU.Build.0 = Debug|Any CPU
		{2223B789-0378-4BCE-82F0-F1B059DC4B01}.Debug|iPhone.ActiveCfg = Debug|Any CPU
		{2223B789-0378-4BCE-82F0-F1B059DC4B01}.Debug|iPhone.Build.0 = Debug|Any CPU
		{2223B789-0378-4BCE-82F0-F1B059DC4B01}.Debug|iPhoneSimulator.ActiveCfg = Debug|Any CPU
		{2223B789-0378-4BCE-82F0-F1B059DC4B01}.Debug|iPhoneSimulator.Build.0 = Debug|Any CPU
		{2223B789-0378-4BCE-82F0-F1B059DC4B01}.Release|Any CPU.ActiveCfg = Release|Any CPU
		{2223B789-0378-4BCE-82F0-F1B059DC4B01}.Release|Any CPU.Build.0 = Release|Any CPU
		{2223B789-0378-4BCE-82F0-F1B059DC4B01}.Release|iPhone.ActiveCfg = Release|Any CPU
		{2223B789-0378-4BCE-82F0-F1B059DC4B01}.Release|iPhone.Build.0 = Release|Any CPU
		{2223B789-0378-4BCE-82F0-F1B059DC4B01}.Release|iPhoneSimulator.ActiveCfg = Release|Any CPU
		{2223B789-0378-4BCE-82F0-F1B059DC4B01}.Release|iPhoneSimulator.Build.0 = Release|Any CPU
		{49846257-890D-49D0-98D4-A315A55289ED}.Ad-Hoc|Any CPU.ActiveCfg = Ad-Hoc|iPhone
		{49846257-890D-49D0-98D4-A315A55289ED}.Ad-Hoc|Any CPU.Build.0 = Ad-Hoc|iPhone
		{49846257-890D-49D0-98D4-A315A55289ED}.Ad-Hoc|iPhone.ActiveCfg = Ad-Hoc|iPhone
		{49846257-890D-49D0-98D4-A315A55289ED}.Ad-Hoc|iPhone.Build.0 = Ad-Hoc|iPhone
		{49846257-890D-49D0-98D4-A315A55289ED}.Ad-Hoc|iPhoneSimulator.ActiveCfg = Debug|iPhoneSimulator
		{49846257-890D-49D0-98D4-A315A55289ED}.Ad-Hoc|iPhoneSimulator.Build.0 = Debug|iPhoneSimulator
		{49846257-890D-49D0-98D4-A315A55289ED}.AppStore|Any CPU.ActiveCfg = AppStore|iPhone
		{49846257-890D-49D0-98D4-A315A55289ED}.AppStore|Any CPU.Build.0 = AppStore|iPhone
		{49846257-890D-49D0-98D4-A315A55289ED}.AppStore|iPhone.ActiveCfg = AppStore|iPhone
		{49846257-890D-49D0-98D4-A315A55289ED}.AppStore|iPhone.Build.0 = AppStore|iPhone
		{49846257-890D-49D0-98D4-A315A55289ED}.AppStore|iPhoneSimulator.ActiveCfg = Debug|iPhoneSimulator
		{49846257-890D-49D0-98D4-A315A55289ED}.AppStore|iPhoneSimulator.Build.0 = Debug|iPhoneSimulator
		{49846257-890D-49D0-98D4-A315A55289ED}.Debug|Any CPU.ActiveCfg = Debug|iPhoneSimulator
		{49846257-890D-49D0-98D4-A315A55289ED}.Debug|Any CPU.Build.0 = Debug|iPhoneSimulator
		{49846257-890D-49D0-98D4-A315A55289ED}.Debug|iPhone.ActiveCfg = Debug|iPhone
		{49846257-890D-49D0-98D4-A315A55289ED}.Debug|iPhone.Build.0 = Debug|iPhone
		{49846257-890D-49D0-98D4-A315A55289ED}.Debug|iPhoneSimulator.ActiveCfg = Debug|iPhoneSimulator
		{49846257-890D-49D0-98D4-A315A55289ED}.Debug|iPhoneSimulator.Build.0 = Debug|iPhoneSimulator
		{49846257-890D-49D0-98D4-A315A55289ED}.Release|Any CPU.ActiveCfg = Release|iPhoneSimulator
		{49846257-890D-49D0-98D4-A315A55289ED}.Release|Any CPU.Build.0 = Release|iPhoneSimulator
		{49846257-890D-49D0-98D4-A315A55289ED}.Release|iPhone.ActiveCfg = Release|iPhone
		{49846257-890D-49D0-98D4-A315A55289ED}.Release|iPhone.Build.0 = Release|iPhone
		{49846257-890D-49D0-98D4-A315A55289ED}.Release|iPhoneSimulator.ActiveCfg = Release|iPhoneSimulator
		{49846257-890D-49D0-98D4-A315A55289ED}.Release|iPhoneSimulator.Build.0 = Release|iPhoneSimulator
		{B68B75BA-A18C-4513-8BFF-53346D4840B2}.Ad-Hoc|Any CPU.ActiveCfg = Release|Any CPU
		{B68B75BA-A18C-4513-8BFF-53346D4840B2}.Ad-Hoc|iPhone.ActiveCfg = Debug|Any CPU
		{B68B75BA-A18C-4513-8BFF-53346D4840B2}.Ad-Hoc|iPhone.Build.0 = Debug|Any CPU
		{B68B75BA-A18C-4513-8BFF-53346D4840B2}.Ad-Hoc|iPhoneSimulator.ActiveCfg = Release|Any CPU
		{B68B75BA-A18C-4513-8BFF-53346D4840B2}.AppStore|Any CPU.ActiveCfg = Release|Any CPU
		{B68B75BA-A18C-4513-8BFF-53346D4840B2}.AppStore|iPhone.ActiveCfg = Debug|Any CPU
		{B68B75BA-A18C-4513-8BFF-53346D4840B2}.AppStore|iPhone.Build.0 = Debug|Any CPU
		{B68B75BA-A18C-4513-8BFF-53346D4840B2}.AppStore|iPhoneSimulator.ActiveCfg = Release|Any CPU
		{B68B75BA-A18C-4513-8BFF-53346D4840B2}.Debug|Any CPU.ActiveCfg = Debug|Any CPU
		{B68B75BA-A18C-4513-8BFF-53346D4840B2}.Debug|Any CPU.Build.0 = Debug|Any CPU
		{B68B75BA-A18C-4513-8BFF-53346D4840B2}.Debug|Any CPU.Deploy.0 = Debug|Any CPU
		{B68B75BA-A18C-4513-8BFF-53346D4840B2}.Debug|iPhone.ActiveCfg = Debug|Any CPU
		{B68B75BA-A18C-4513-8BFF-53346D4840B2}.Debug|iPhone.Build.0 = Debug|Any CPU
		{B68B75BA-A18C-4513-8BFF-53346D4840B2}.Debug|iPhoneSimulator.ActiveCfg = Debug|Any CPU
		{B68B75BA-A18C-4513-8BFF-53346D4840B2}.Debug|iPhoneSimulator.Build.0 = Debug|Any CPU
		{B68B75BA-A18C-4513-8BFF-53346D4840B2}.Release|Any CPU.ActiveCfg = Release|Any CPU
		{B68B75BA-A18C-4513-8BFF-53346D4840B2}.Release|Any CPU.Build.0 = Release|Any CPU
		{B68B75BA-A18C-4513-8BFF-53346D4840B2}.Release|iPhone.ActiveCfg = Release|Any CPU
		{B68B75BA-A18C-4513-8BFF-53346D4840B2}.Release|iPhone.Build.0 = Release|Any CPU
		{B68B75BA-A18C-4513-8BFF-53346D4840B2}.Release|iPhoneSimulator.ActiveCfg = Release|Any CPU
		{B68B75BA-A18C-4513-8BFF-53346D4840B2}.Release|iPhoneSimulator.Build.0 = Release|Any CPU
		{BC46AC11-1FD4-4720-A94E-DF5F279C5EE0}.Ad-Hoc|Any CPU.ActiveCfg = Release|Any CPU
		{BC46AC11-1FD4-4720-A94E-DF5F279C5EE0}.Ad-Hoc|Any CPU.Build.0 = Release|Any CPU
		{BC46AC11-1FD4-4720-A94E-DF5F279C5EE0}.Ad-Hoc|iPhone.ActiveCfg = Debug|Any CPU
		{BC46AC11-1FD4-4720-A94E-DF5F279C5EE0}.Ad-Hoc|iPhone.Build.0 = Debug|Any CPU
		{BC46AC11-1FD4-4720-A94E-DF5F279C5EE0}.Ad-Hoc|iPhoneSimulator.ActiveCfg = Release|Any CPU
		{BC46AC11-1FD4-4720-A94E-DF5F279C5EE0}.AppStore|Any CPU.ActiveCfg = Release|Any CPU
		{BC46AC11-1FD4-4720-A94E-DF5F279C5EE0}.AppStore|Any CPU.Build.0 = Release|Any CPU
		{BC46AC11-1FD4-4720-A94E-DF5F279C5EE0}.AppStore|iPhone.ActiveCfg = Debug|Any CPU
		{BC46AC11-1FD4-4720-A94E-DF5F279C5EE0}.AppStore|iPhone.Build.0 = Debug|Any CPU
		{BC46AC11-1FD4-4720-A94E-DF5F279C5EE0}.AppStore|iPhoneSimulator.ActiveCfg = Release|Any CPU
		{BC46AC11-1FD4-4720-A94E-DF5F279C5EE0}.Debug|Any CPU.ActiveCfg = Debug|Any CPU
		{BC46AC11-1FD4-4720-A94E-DF5F279C5EE0}.Debug|Any CPU.Build.0 = Debug|Any CPU
		{BC46AC11-1FD4-4720-A94E-DF5F279C5EE0}.Debug|iPhone.ActiveCfg = Debug|Any CPU
		{BC46AC11-1FD4-4720-A94E-DF5F279C5EE0}.Debug|iPhone.Build.0 = Debug|Any CPU
		{BC46AC11-1FD4-4720-A94E-DF5F279C5EE0}.Debug|iPhoneSimulator.ActiveCfg = Debug|Any CPU
		{BC46AC11-1FD4-4720-A94E-DF5F279C5EE0}.Debug|iPhoneSimulator.Build.0 = Debug|Any CPU
		{BC46AC11-1FD4-4720-A94E-DF5F279C5EE0}.Release|Any CPU.ActiveCfg = Release|Any CPU
		{BC46AC11-1FD4-4720-A94E-DF5F279C5EE0}.Release|Any CPU.Build.0 = Release|Any CPU
		{BC46AC11-1FD4-4720-A94E-DF5F279C5EE0}.Release|iPhone.ActiveCfg = Release|Any CPU
		{BC46AC11-1FD4-4720-A94E-DF5F279C5EE0}.Release|iPhone.Build.0 = Release|Any CPU
		{BC46AC11-1FD4-4720-A94E-DF5F279C5EE0}.Release|iPhoneSimulator.ActiveCfg = Release|Any CPU
		{BC46AC11-1FD4-4720-A94E-DF5F279C5EE0}.Release|iPhoneSimulator.Build.0 = Release|Any CPU
		{ECECB8BC-394C-4646-B165-135718EFBFF1}.Ad-Hoc|Any CPU.ActiveCfg = Release|Any CPU
		{ECECB8BC-394C-4646-B165-135718EFBFF1}.Ad-Hoc|Any CPU.Build.0 = Release|Any CPU
		{ECECB8BC-394C-4646-B165-135718EFBFF1}.Ad-Hoc|iPhone.ActiveCfg = Debug|Any CPU
		{ECECB8BC-394C-4646-B165-135718EFBFF1}.Ad-Hoc|iPhone.Build.0 = Debug|Any CPU
		{ECECB8BC-394C-4646-B165-135718EFBFF1}.Ad-Hoc|iPhoneSimulator.ActiveCfg = Release|Any CPU
		{ECECB8BC-394C-4646-B165-135718EFBFF1}.AppStore|Any CPU.ActiveCfg = Release|Any CPU
		{ECECB8BC-394C-4646-B165-135718EFBFF1}.AppStore|Any CPU.Build.0 = Release|Any CPU
		{ECECB8BC-394C-4646-B165-135718EFBFF1}.AppStore|iPhone.ActiveCfg = Debug|Any CPU
		{ECECB8BC-394C-4646-B165-135718EFBFF1}.AppStore|iPhone.Build.0 = Debug|Any CPU
		{ECECB8BC-394C-4646-B165-135718EFBFF1}.AppStore|iPhoneSimulator.ActiveCfg = Release|Any CPU
		{ECECB8BC-394C-4646-B165-135718EFBFF1}.Debug|Any CPU.ActiveCfg = Debug|Any CPU
		{ECECB8BC-394C-4646-B165-135718EFBFF1}.Debug|Any CPU.Build.0 = Debug|Any CPU
		{ECECB8BC-394C-4646-B165-135718EFBFF1}.Debug|iPhone.ActiveCfg = Debug|Any CPU
		{ECECB8BC-394C-4646-B165-135718EFBFF1}.Debug|iPhone.Build.0 = Debug|Any CPU
		{ECECB8BC-394C-4646-B165-135718EFBFF1}.Debug|iPhoneSimulator.ActiveCfg = Debug|Any CPU
		{ECECB8BC-394C-4646-B165-135718EFBFF1}.Debug|iPhoneSimulator.Build.0 = Debug|Any CPU
		{ECECB8BC-394C-4646-B165-135718EFBFF1}.Release|Any CPU.ActiveCfg = Release|Any CPU
		{ECECB8BC-394C-4646-B165-135718EFBFF1}.Release|Any CPU.Build.0 = Release|Any CPU
		{ECECB8BC-394C-4646-B165-135718EFBFF1}.Release|iPhone.ActiveCfg = Release|Any CPU
		{ECECB8BC-394C-4646-B165-135718EFBFF1}.Release|iPhone.Build.0 = Release|Any CPU
		{ECECB8BC-394C-4646-B165-135718EFBFF1}.Release|iPhoneSimulator.ActiveCfg = Release|Any CPU
		{ECECB8BC-394C-4646-B165-135718EFBFF1}.Release|iPhoneSimulator.Build.0 = Release|Any CPU
		{EE0AF766-1015-47E9-9EF5-50DAD0ECC094}.Ad-Hoc|Any CPU.ActiveCfg = Release|Any CPU
		{EE0AF766-1015-47E9-9EF5-50DAD0ECC094}.Ad-Hoc|Any CPU.Build.0 = Release|Any CPU
		{EE0AF766-1015-47E9-9EF5-50DAD0ECC094}.Ad-Hoc|iPhone.ActiveCfg = Debug|Any CPU
		{EE0AF766-1015-47E9-9EF5-50DAD0ECC094}.Ad-Hoc|iPhone.Build.0 = Debug|Any CPU
		{EE0AF766-1015-47E9-9EF5-50DAD0ECC094}.Ad-Hoc|iPhoneSimulator.ActiveCfg = Release|Any CPU
		{EE0AF766-1015-47E9-9EF5-50DAD0ECC094}.Ad-Hoc|iPhoneSimulator.Build.0 = Release|Any CPU
		{EE0AF766-1015-47E9-9EF5-50DAD0ECC094}.AppStore|Any CPU.ActiveCfg = Release|Any CPU
		{EE0AF766-1015-47E9-9EF5-50DAD0ECC094}.AppStore|Any CPU.Build.0 = Release|Any CPU
		{EE0AF766-1015-47E9-9EF5-50DAD0ECC094}.AppStore|iPhone.ActiveCfg = Debug|Any CPU
		{EE0AF766-1015-47E9-9EF5-50DAD0ECC094}.AppStore|iPhone.Build.0 = Debug|Any CPU
		{EE0AF766-1015-47E9-9EF5-50DAD0ECC094}.AppStore|iPhoneSimulator.ActiveCfg = Release|Any CPU
		{EE0AF766-1015-47E9-9EF5-50DAD0ECC094}.AppStore|iPhoneSimulator.Build.0 = Release|Any CPU
		{EE0AF766-1015-47E9-9EF5-50DAD0ECC094}.Debug|Any CPU.ActiveCfg = Debug|Any CPU
		{EE0AF766-1015-47E9-9EF5-50DAD0ECC094}.Debug|Any CPU.Build.0 = Debug|Any CPU
		{EE0AF766-1015-47E9-9EF5-50DAD0ECC094}.Debug|iPhone.ActiveCfg = Debug|Any CPU
		{EE0AF766-1015-47E9-9EF5-50DAD0ECC094}.Debug|iPhone.Build.0 = Debug|Any CPU
		{EE0AF766-1015-47E9-9EF5-50DAD0ECC094}.Debug|iPhoneSimulator.ActiveCfg = Debug|Any CPU
		{EE0AF766-1015-47E9-9EF5-50DAD0ECC094}.Debug|iPhoneSimulator.Build.0 = Debug|Any CPU
		{EE0AF766-1015-47E9-9EF5-50DAD0ECC094}.Release|Any CPU.ActiveCfg = Release|Any CPU
		{EE0AF766-1015-47E9-9EF5-50DAD0ECC094}.Release|Any CPU.Build.0 = Release|Any CPU
		{EE0AF766-1015-47E9-9EF5-50DAD0ECC094}.Release|iPhone.ActiveCfg = Release|Any CPU
		{EE0AF766-1015-47E9-9EF5-50DAD0ECC094}.Release|iPhone.Build.0 = Release|Any CPU
		{EE0AF766-1015-47E9-9EF5-50DAD0ECC094}.Release|iPhoneSimulator.ActiveCfg = Release|Any CPU
		{EE0AF766-1015-47E9-9EF5-50DAD0ECC094}.Release|iPhoneSimulator.Build.0 = Release|Any CPU
	EndGlobalSection
	GlobalSection(NestedProjects) = preSolution
	EndGlobalSection
	GlobalSection(MonoDevelopProperties) = preSolution
		StartupItem = SparrowSharp.Sample.iOS\SparrowSharp.Sample.iOS.csproj
	EndGlobalSection
	GlobalSection(SolutionProperties) = preSolution
		HideSolutionNode = FALSE
	EndGlobalSection
	GlobalSection(Performance) = preSolution
		HasPerformanceSessions = true
	EndGlobalSection
EndGlobal
