
Microsoft Visual Studio Solution File, Format Version 12.00
# Visual Studio 2012
Project("{FAE04EC0-301F-11D3-BF4B-00C04F79EFBC}") = "sparrow-sharp", "sparrow-sharp\sparrow-sharp.csproj", "{344DC3F9-5957-4CCA-AACD-D4789AE675E1}"
EndProject
Project("{2150E333-8FDC-42A3-9474-1A3956D46DE8}") = ".nuget", ".nuget", "{FD40CC79-A857-4613-B9E0-D68FB4D37BF2}"
	ProjectSection(SolutionItems) = preProject
		.nuget\packages.config = .nuget\packages.config
	EndProjectSection
EndProject
Project("{FAE04EC0-301F-11D3-BF4B-00C04F79EFBC}") = "component-test", "component-test\component-test.csproj", "{1728BC70-4F7D-44D5-B9D8-15A4BEDFC78C}"
EndProject
Global
	GlobalSection(SolutionConfigurationPlatforms) = preSolution
		Debug|Any CPU = Debug|Any CPU
		Release|Any CPU = Release|Any CPU
	EndGlobalSection
	GlobalSection(ProjectConfigurationPlatforms) = postSolution
		{1728BC70-4F7D-44D5-B9D8-15A4BEDFC78C}.Debug|Any CPU.ActiveCfg = Debug|Any CPU
		{1728BC70-4F7D-44D5-B9D8-15A4BEDFC78C}.Debug|Any CPU.Build.0 = Debug|Any CPU
		{1728BC70-4F7D-44D5-B9D8-15A4BEDFC78C}.Release|Any CPU.ActiveCfg = Release|Any CPU
		{1728BC70-4F7D-44D5-B9D8-15A4BEDFC78C}.Release|Any CPU.Build.0 = Release|Any CPU
		{344DC3F9-5957-4CCA-AACD-D4789AE675E1}.Debug|Any CPU.ActiveCfg = Debug|Any CPU
		{344DC3F9-5957-4CCA-AACD-D4789AE675E1}.Debug|Any CPU.Build.0 = Debug|Any CPU
		{344DC3F9-5957-4CCA-AACD-D4789AE675E1}.Debug|Any CPU.Deploy.0 = Debug|Any CPU
		{344DC3F9-5957-4CCA-AACD-D4789AE675E1}.Release|Any CPU.ActiveCfg = Release|Any CPU
		{344DC3F9-5957-4CCA-AACD-D4789AE675E1}.Release|Any CPU.Build.0 = Release|Any CPU
	EndGlobalSection
	GlobalSection(NestedProjects) = preSolution
	EndGlobalSection
	GlobalSection(MonoDevelopProperties) = preSolution
		StartupItem = component-test\component-test.csproj
	EndGlobalSection
	GlobalSection(SolutionProperties) = preSolution
		HideSolutionNode = FALSE
	EndGlobalSection
EndGlobal
