
Microsoft Visual Studio Solution File, Format Version 12.00
# Visual Studio 2012
Project("{2150E333-8FDC-42A3-9474-1A3956D46DE8}") = ".nuget", ".nuget", "{FD40CC79-A857-4613-B9E0-D68FB4D37BF2}"
	ProjectSection(SolutionItems) = preProject
		.nuget\packages.config = .nuget\packages.config
	EndProjectSection
EndProject
Project("{FAE04EC0-301F-11D3-BF4B-00C04F79EFBC}") = "component-test", "component-test\component-test.csproj", "{1728BC70-4F7D-44D5-B9D8-15A4BEDFC78C}"
EndProject
Project("{FAE04EC0-301F-11D3-BF4B-00C04F79EFBC}") = "SparrowSharp.Samples.Android", "SparrowSharp.Samples.Android\SparrowSharp.Samples.Android.csproj", "{B68B75BA-A18C-4513-8BFF-53346D4840B2}"
EndProject
Project("{FAE04EC0-301F-11D3-BF4B-00C04F79EFBC}") = "SparrowSharp.Core.Android", "SparrowSharp.Core\SparrowSharp.Core.Android.csproj", "{175877F9-051C-4E18-8479-4E15335D683B}"
EndProject
Project("{FAE04EC0-301F-11D3-BF4B-00C04F79EFBC}") = "SparrowSharp.Core.iOS", "SparrowSharp.Core\SparrowSharp.Core.iOS.csproj", "{ECECB8BC-394C-4646-B165-135718EFBFF1}"
EndProject
Global
	GlobalSection(SolutionConfigurationPlatforms) = preSolution
		Debug|Any CPU = Debug|Any CPU
		Release|Any CPU = Release|Any CPU
		Debug|iPhoneSimulator = Debug|iPhoneSimulator
		Release|iPhoneSimulator = Release|iPhoneSimulator
		Debug|iPhone = Debug|iPhone
		Release|iPhone = Release|iPhone
		Ad-Hoc|iPhone = Ad-Hoc|iPhone
		AppStore|iPhone = AppStore|iPhone
	EndGlobalSection
	GlobalSection(ProjectConfigurationPlatforms) = postSolution
		{1728BC70-4F7D-44D5-B9D8-15A4BEDFC78C}.Ad-Hoc|iPhone.ActiveCfg = Debug|Any CPU
		{1728BC70-4F7D-44D5-B9D8-15A4BEDFC78C}.Ad-Hoc|iPhone.Build.0 = Debug|Any CPU
		{1728BC70-4F7D-44D5-B9D8-15A4BEDFC78C}.AppStore|iPhone.ActiveCfg = Debug|Any CPU
		{1728BC70-4F7D-44D5-B9D8-15A4BEDFC78C}.AppStore|iPhone.Build.0 = Debug|Any CPU
		{1728BC70-4F7D-44D5-B9D8-15A4BEDFC78C}.Debug|Any CPU.ActiveCfg = Debug|Any CPU
		{1728BC70-4F7D-44D5-B9D8-15A4BEDFC78C}.Debug|Any CPU.Build.0 = Debug|Any CPU
		{1728BC70-4F7D-44D5-B9D8-15A4BEDFC78C}.Debug|Any CPU.Deploy.0 = Debug|Any CPU
		{1728BC70-4F7D-44D5-B9D8-15A4BEDFC78C}.Debug|iPhone.ActiveCfg = Debug|Any CPU
		{1728BC70-4F7D-44D5-B9D8-15A4BEDFC78C}.Debug|iPhone.Build.0 = Debug|Any CPU
		{1728BC70-4F7D-44D5-B9D8-15A4BEDFC78C}.Debug|iPhoneSimulator.ActiveCfg = Debug|Any CPU
		{1728BC70-4F7D-44D5-B9D8-15A4BEDFC78C}.Debug|iPhoneSimulator.Build.0 = Debug|Any CPU
		{1728BC70-4F7D-44D5-B9D8-15A4BEDFC78C}.Release|Any CPU.ActiveCfg = Release|Any CPU
		{1728BC70-4F7D-44D5-B9D8-15A4BEDFC78C}.Release|Any CPU.Build.0 = Release|Any CPU
		{1728BC70-4F7D-44D5-B9D8-15A4BEDFC78C}.Release|iPhone.ActiveCfg = Release|Any CPU
		{1728BC70-4F7D-44D5-B9D8-15A4BEDFC78C}.Release|iPhone.Build.0 = Release|Any CPU
		{1728BC70-4F7D-44D5-B9D8-15A4BEDFC78C}.Release|iPhoneSimulator.ActiveCfg = Release|Any CPU
		{1728BC70-4F7D-44D5-B9D8-15A4BEDFC78C}.Release|iPhoneSimulator.Build.0 = Release|Any CPU
		{175877F9-051C-4E18-8479-4E15335D683B}.Ad-Hoc|iPhone.ActiveCfg = Debug|Any CPU
		{175877F9-051C-4E18-8479-4E15335D683B}.Ad-Hoc|iPhone.Build.0 = Debug|Any CPU
		{175877F9-051C-4E18-8479-4E15335D683B}.AppStore|iPhone.ActiveCfg = Debug|Any CPU
		{175877F9-051C-4E18-8479-4E15335D683B}.AppStore|iPhone.Build.0 = Debug|Any CPU
		{175877F9-051C-4E18-8479-4E15335D683B}.Debug|Any CPU.ActiveCfg = Debug|Any CPU
		{175877F9-051C-4E18-8479-4E15335D683B}.Debug|Any CPU.Build.0 = Debug|Any CPU
		{175877F9-051C-4E18-8479-4E15335D683B}.Debug|iPhone.ActiveCfg = Debug|Any CPU
		{175877F9-051C-4E18-8479-4E15335D683B}.Debug|iPhone.Build.0 = Debug|Any CPU
		{175877F9-051C-4E18-8479-4E15335D683B}.Debug|iPhoneSimulator.ActiveCfg = Debug|Any CPU
		{175877F9-051C-4E18-8479-4E15335D683B}.Debug|iPhoneSimulator.Build.0 = Debug|Any CPU
		{175877F9-051C-4E18-8479-4E15335D683B}.Release|Any CPU.ActiveCfg = Release|Any CPU
		{175877F9-051C-4E18-8479-4E15335D683B}.Release|Any CPU.Build.0 = Release|Any CPU
		{175877F9-051C-4E18-8479-4E15335D683B}.Release|iPhone.ActiveCfg = Release|Any CPU
		{175877F9-051C-4E18-8479-4E15335D683B}.Release|iPhone.Build.0 = Release|Any CPU
		{175877F9-051C-4E18-8479-4E15335D683B}.Release|iPhoneSimulator.ActiveCfg = Release|Any CPU
		{175877F9-051C-4E18-8479-4E15335D683B}.Release|iPhoneSimulator.Build.0 = Release|Any CPU
		{B68B75BA-A18C-4513-8BFF-53346D4840B2}.Ad-Hoc|iPhone.ActiveCfg = Debug|Any CPU
		{B68B75BA-A18C-4513-8BFF-53346D4840B2}.Ad-Hoc|iPhone.Build.0 = Debug|Any CPU
		{B68B75BA-A18C-4513-8BFF-53346D4840B2}.AppStore|iPhone.ActiveCfg = Debug|Any CPU
		{B68B75BA-A18C-4513-8BFF-53346D4840B2}.AppStore|iPhone.Build.0 = Debug|Any CPU
		{B68B75BA-A18C-4513-8BFF-53346D4840B2}.Debug|Any CPU.ActiveCfg = Debug|Any CPU
		{B68B75BA-A18C-4513-8BFF-53346D4840B2}.Debug|Any CPU.Build.0 = Debug|Any CPU
		{B68B75BA-A18C-4513-8BFF-53346D4840B2}.Debug|iPhone.ActiveCfg = Debug|Any CPU
		{B68B75BA-A18C-4513-8BFF-53346D4840B2}.Debug|iPhone.Build.0 = Debug|Any CPU
		{B68B75BA-A18C-4513-8BFF-53346D4840B2}.Debug|iPhoneSimulator.ActiveCfg = Debug|Any CPU
		{B68B75BA-A18C-4513-8BFF-53346D4840B2}.Debug|iPhoneSimulator.Build.0 = Debug|Any CPU
		{B68B75BA-A18C-4513-8BFF-53346D4840B2}.Release|Any CPU.ActiveCfg = Release|Any CPU
		{B68B75BA-A18C-4513-8BFF-53346D4840B2}.Release|Any CPU.Build.0 = Release|Any CPU
		{B68B75BA-A18C-4513-8BFF-53346D4840B2}.Release|iPhone.ActiveCfg = Release|Any CPU
		{B68B75BA-A18C-4513-8BFF-53346D4840B2}.Release|iPhone.Build.0 = Release|Any CPU
		{B68B75BA-A18C-4513-8BFF-53346D4840B2}.Release|iPhoneSimulator.ActiveCfg = Release|Any CPU
		{B68B75BA-A18C-4513-8BFF-53346D4840B2}.Release|iPhoneSimulator.Build.0 = Release|Any CPU
		{ECECB8BC-394C-4646-B165-135718EFBFF1}.Ad-Hoc|iPhone.ActiveCfg = Debug|Any CPU
		{ECECB8BC-394C-4646-B165-135718EFBFF1}.Ad-Hoc|iPhone.Build.0 = Debug|Any CPU
		{ECECB8BC-394C-4646-B165-135718EFBFF1}.AppStore|iPhone.ActiveCfg = Debug|Any CPU
		{ECECB8BC-394C-4646-B165-135718EFBFF1}.AppStore|iPhone.Build.0 = Debug|Any CPU
		{ECECB8BC-394C-4646-B165-135718EFBFF1}.Debug|Any CPU.ActiveCfg = Debug|Any CPU
		{ECECB8BC-394C-4646-B165-135718EFBFF1}.Debug|Any CPU.Build.0 = Debug|Any CPU
		{ECECB8BC-394C-4646-B165-135718EFBFF1}.Debug|iPhone.ActiveCfg = Debug|Any CPU
		{ECECB8BC-394C-4646-B165-135718EFBFF1}.Debug|iPhone.Build.0 = Debug|Any CPU
		{ECECB8BC-394C-4646-B165-135718EFBFF1}.Debug|iPhoneSimulator.ActiveCfg = Debug|Any CPU
		{ECECB8BC-394C-4646-B165-135718EFBFF1}.Debug|iPhoneSimulator.Build.0 = Debug|Any CPU
		{ECECB8BC-394C-4646-B165-135718EFBFF1}.Release|Any CPU.ActiveCfg = Release|Any CPU
		{ECECB8BC-394C-4646-B165-135718EFBFF1}.Release|Any CPU.Build.0 = Release|Any CPU
		{ECECB8BC-394C-4646-B165-135718EFBFF1}.Release|iPhone.ActiveCfg = Release|Any CPU
		{ECECB8BC-394C-4646-B165-135718EFBFF1}.Release|iPhone.Build.0 = Release|Any CPU
		{ECECB8BC-394C-4646-B165-135718EFBFF1}.Release|iPhoneSimulator.ActiveCfg = Release|Any CPU
		{ECECB8BC-394C-4646-B165-135718EFBFF1}.Release|iPhoneSimulator.Build.0 = Release|Any CPU
	EndGlobalSection
	GlobalSection(NestedProjects) = preSolution
	EndGlobalSection
	GlobalSection(MonoDevelopProperties) = preSolution
		StartupItem = SparrowSharp.Samples.Android\SparrowSharp.Samples.Android.csproj
	EndGlobalSection
	GlobalSection(SolutionProperties) = preSolution
		HideSolutionNode = FALSE
	EndGlobalSection
EndGlobal
